
Microsoft Visual Studio Solution File, Format Version 12.00
# Visual Studio Version 16
VisualStudioVersion = 16.0.31205.134
MinimumVisualStudioVersion = 10.0.40219.1
Project("{FAE04EC0-301F-11D3-BF4B-00C04F79EFBC}") = "homwork", "homwork\homwork.csproj", "{1D2AE91B-66AA-41A5-945A-B01296F32582}"
EndProject
Global
	GlobalSection(SolutionConfigurationPlatforms) = preSolution
		Debug|Any CPU = Debug|Any CPU
		Release|Any CPU = Release|Any CPU
	EndGlobalSection
	GlobalSection(ProjectConfigurationPlatforms) = postSolution
		{1D2AE91B-66AA-41A5-945A-B01296F32582}.Debug|Any CPU.ActiveCfg = Debug|Any CPU
		{1D2AE91B-66AA-41A5-945A-B01296F32582}.Debug|Any CPU.Build.0 = Debug|Any CPU
		{1D2AE91B-66AA-41A5-945A-B01296F32582}.Release|Any CPU.ActiveCfg = Release|Any CPU
		{1D2AE91B-66AA-41A5-945A-B01296F32582}.Release|Any CPU.Build.0 = Release|Any CPU
	EndGlobalSection
	GlobalSection(SolutionProperties) = preSolution
		HideSolutionNode = FALSE
	EndGlobalSection
	GlobalSection(ExtensibilityGlobals) = postSolution
		SolutionGuid = {498BFE4C-B986-4308-B111-76EB4B6EC449}
	EndGlobalSection
EndGlobal
